Microsoft Visual Studio Solution File, Format Version 11.00
# Visual Studio 2008

Project("{04C100A0-4D0E-5456-9040-FABDC1A740CD}") = "ShadowTest11", "Assembly-CSharp.csproj", "{4F5A3668-A9C8-6E8C-6DFD-B62E80C6DD61}"
EndProject
Global
	GlobalSection(SolutionConfigurationPlatforms) = preSolution
		Debug|Any CPU = Debug|Any CPU
		Release|Any CPU = Release|Any CPU
	EndGlobalSection
	GlobalSection(ProjectConfigurationPlatforms) = postSolution
		{4F5A3668-A9C8-6E8C-6DFD-B62E80C6DD61}.Debug|Any CPU.ActiveCfg = Debug|Any CPU
		{4F5A3668-A9C8-6E8C-6DFD-B62E80C6DD61}.Debug|Any CPU.Build.0 = Debug|Any CPU
		{4F5A3668-A9C8-6E8C-6DFD-B62E80C6DD61}.Release|Any CPU.ActiveCfg = Release|Any CPU
		{4F5A3668-A9C8-6E8C-6DFD-B62E80C6DD61}.Release|Any CPU.Build.0 = Release|Any CPU
	EndGlobalSection
	GlobalSection(SolutionProperties) = preSolution
		HideSolutionNode = FALSE
	EndGlobalSection
	GlobalSection(MonoDevelopProperties) = preSolution
		StartupItem = Assembly-CSharp.csproj
	EndGlobalSection
EndGlobal
